
Microsoft Visual Studio Solution File, Format Version 12.00
# Visual Studio Version 17
VisualStudioVersion = 17.13.35825.156 d17.13
MinimumVisualStudioVersion = 10.0.40219.1
Project("{FAE04EC0-301F-11D3-BF4B-00C04F79EFBC}") = "Infinity-Solutions", "Infinity-Solutions.csproj", "{716B65D0-C8E2-4B47-A1C3-2D0D8A46AF09}"
EndProject
Global
	GlobalSection(SolutionConfigurationPlatforms) = preSolution
		Debug|Any CPU = Debug|Any CPU
		Release|Any CPU = Release|Any CPU
	EndGlobalSection
	GlobalSection(ProjectConfigurationPlatforms) = postSolution
		{716B65D0-C8E2-4B47-A1C3-2D0D8A46AF09}.Debug|Any CPU.ActiveCfg = Debug|Any CPU
		{716B65D0-C8E2-4B47-A1C3-2D0D8A46AF09}.Debug|Any CPU.Build.0 = Debug|Any CPU
		{716B65D0-C8E2-4B47-A1C3-2D0D8A46AF09}.Release|Any CPU.ActiveCfg = Release|Any CPU
		{716B65D0-C8E2-4B47-A1C3-2D0D8A46AF09}.Release|Any CPU.Build.0 = Release|Any CPU
	EndGlobalSection
	GlobalSection(SolutionProperties) = preSolution
		HideSolutionNode = FALSE
	EndGlobalSection
	GlobalSection(ExtensibilityGlobals) = postSolution
		SolutionGuid = {469C729B-586A-4C29-89FF-E63F9E13F8A8}
	EndGlobalSection
EndGlobal
